
Microsoft Visual Studio Solution File, Format Version 12.00
# Visual Studio Version 17
VisualStudioVersion = 17.8.34330.188
MinimumVisualStudioVersion = 10.0.40219.1
Project("{2150E333-8FDC-42A3-9474-1A3956D46DE8}") = "00-Presentation", "00-Presentation", "{8473C20A-8D36-48AF-B145-3087608F3967}"
EndProject
Project("{2150E333-8FDC-42A3-9474-1A3956D46DE8}") = "01-Domain", "01-Domain", "{F147E60F-A4EE-44AE-A571-55D755EB8F38}"
EndProject
Project("{2150E333-8FDC-42A3-9474-1A3956D46DE8}") = "02-Application", "02-Application", "{524E548B-37D0-4DE3-AA9E-FE507584F3C2}"
EndProject
Project("{2150E333-8FDC-42A3-9474-1A3956D46DE8}") = "03-Infra", "03-Infra", "{4B38149B-0EA6-41C2-990D-334F979CF53B}"
EndProject
Project("{2150E333-8FDC-42A3-9474-1A3956D46DE8}") = "04-Tests", "04-Tests", "{CF0CD86A-5A0F-4DDB-BAED-D7157FE88F34}"
EndProject
Project("{FAE04EC0-301F-11D3-BF4B-00C04F79EFBC}") = "Presentation", "Presentation\Presentation.csproj", "{994821CD-5D59-44FB-834D-301A2FE6A5AB}"
EndProject
Project("{FAE04EC0-301F-11D3-BF4B-00C04F79EFBC}") = "Domain", "Domain\Domain.csproj", "{E33480BC-529C-4BB9-B6F7-0C2A3ABEF6A9}"
EndProject
Project("{FAE04EC0-301F-11D3-BF4B-00C04F79EFBC}") = "Application", "Application\Application.csproj", "{C2BF6799-8E3A-42C8-8B23-69DB5C26D5C1}"
EndProject
Project("{FAE04EC0-301F-11D3-BF4B-00C04F79EFBC}") = "Infra", "Infra\Infra.csproj", "{8498E9A2-289C-4D03-8D90-E0B29920298C}"
EndProject
Global
	GlobalSection(SolutionConfigurationPlatforms) = preSolution
		Debug|Any CPU = Debug|Any CPU
		Release|Any CPU = Release|Any CPU
	EndGlobalSection
	GlobalSection(ProjectConfigurationPlatforms) = postSolution
		{994821CD-5D59-44FB-834D-301A2FE6A5AB}.Debug|Any CPU.ActiveCfg = Debug|Any CPU
		{994821CD-5D59-44FB-834D-301A2FE6A5AB}.Debug|Any CPU.Build.0 = Debug|Any CPU
		{994821CD-5D59-44FB-834D-301A2FE6A5AB}.Release|Any CPU.ActiveCfg = Release|Any CPU
		{994821CD-5D59-44FB-834D-301A2FE6A5AB}.Release|Any CPU.Build.0 = Release|Any CPU
		{E33480BC-529C-4BB9-B6F7-0C2A3ABEF6A9}.Debug|Any CPU.ActiveCfg = Debug|Any CPU
		{E33480BC-529C-4BB9-B6F7-0C2A3ABEF6A9}.Debug|Any CPU.Build.0 = Debug|Any CPU
		{E33480BC-529C-4BB9-B6F7-0C2A3ABEF6A9}.Release|Any CPU.ActiveCfg = Release|Any CPU
		{E33480BC-529C-4BB9-B6F7-0C2A3ABEF6A9}.Release|Any CPU.Build.0 = Release|Any CPU
		{C2BF6799-8E3A-42C8-8B23-69DB5C26D5C1}.Debug|Any CPU.ActiveCfg = Debug|Any CPU
		{C2BF6799-8E3A-42C8-8B23-69DB5C26D5C1}.Debug|Any CPU.Build.0 = Debug|Any CPU
		{C2BF6799-8E3A-42C8-8B23-69DB5C26D5C1}.Release|Any CPU.ActiveCfg = Release|Any CPU
		{C2BF6799-8E3A-42C8-8B23-69DB5C26D5C1}.Release|Any CPU.Build.0 = Release|Any CPU
		{8498E9A2-289C-4D03-8D90-E0B29920298C}.Debug|Any CPU.ActiveCfg = Debug|Any CPU
		{8498E9A2-289C-4D03-8D90-E0B29920298C}.Debug|Any CPU.Build.0 = Debug|Any CPU
		{8498E9A2-289C-4D03-8D90-E0B29920298C}.Release|Any CPU.ActiveCfg = Release|Any CPU
		{8498E9A2-289C-4D03-8D90-E0B29920298C}.Release|Any CPU.Build.0 = Release|Any CPU
	EndGlobalSection
	GlobalSection(SolutionProperties) = preSolution
		HideSolutionNode = FALSE
	EndGlobalSection
	GlobalSection(NestedProjects) = preSolution
		{994821CD-5D59-44FB-834D-301A2FE6A5AB} = {8473C20A-8D36-48AF-B145-3087608F3967}
		{E33480BC-529C-4BB9-B6F7-0C2A3ABEF6A9} = {F147E60F-A4EE-44AE-A571-55D755EB8F38}
		{C2BF6799-8E3A-42C8-8B23-69DB5C26D5C1} = {524E548B-37D0-4DE3-AA9E-FE507584F3C2}
		{8498E9A2-289C-4D03-8D90-E0B29920298C} = {4B38149B-0EA6-41C2-990D-334F979CF53B}
	EndGlobalSection
	GlobalSection(ExtensibilityGlobals) = postSolution
		SolutionGuid = {B150AE4C-1B56-4DD9-9B1F-2D7D768699F3}
	EndGlobalSection
EndGlobal
